
Microsoft Visual Studio Solution File, Format Version 12.00
# Visual Studio Version 16
VisualStudioVersion = 16.0.29806.167
MinimumVisualStudioVersion = 10.0.40219.1
Project("{9A19103F-16F7-4668-BE54-9A1E7A4F7556}") = "eShopWeb.Core", "eShopWeb.Core\eShopWeb.Core.csproj", "{94C2F034-21D6-4F9F-A33D-BCD231F32BDC}"
EndProject
Project("{9A19103F-16F7-4668-BE54-9A1E7A4F7556}") = "eShopWeb.Infrastructure", "eShopWeb.Infrastructure\eShopWeb.Infrastructure.csproj", "{096C9BBB-BBF4-4E61-A6DC-A1A64A0D1EEA}"
EndProject
Project("{9A19103F-16F7-4668-BE54-9A1E7A4F7556}") = "eShopWeb.WebApi", "eShopWeb.WebApi\eShopWeb.WebApi.csproj", "{DBFF99ED-E1B0-464F-BAE2-E847B2FA9FF9}"
EndProject
Project("{9A19103F-16F7-4668-BE54-9A1E7A4F7556}") = "eShopWeb.Api", "eShopWeb.Api\eShopWeb.Api.csproj", "{6AC94FD9-324C-4526-814D-3FFF32FCE26C}"
EndProject
Global
	GlobalSection(SolutionConfigurationPlatforms) = preSolution
		Debug|Any CPU = Debug|Any CPU
		Release|Any CPU = Release|Any CPU
	EndGlobalSection
	GlobalSection(ProjectConfigurationPlatforms) = postSolution
		{94C2F034-21D6-4F9F-A33D-BCD231F32BDC}.Debug|Any CPU.ActiveCfg = Debug|Any CPU
		{94C2F034-21D6-4F9F-A33D-BCD231F32BDC}.Debug|Any CPU.Build.0 = Debug|Any CPU
		{94C2F034-21D6-4F9F-A33D-BCD231F32BDC}.Release|Any CPU.ActiveCfg = Release|Any CPU
		{94C2F034-21D6-4F9F-A33D-BCD231F32BDC}.Release|Any CPU.Build.0 = Release|Any CPU
		{096C9BBB-BBF4-4E61-A6DC-A1A64A0D1EEA}.Debug|Any CPU.ActiveCfg = Debug|Any CPU
		{096C9BBB-BBF4-4E61-A6DC-A1A64A0D1EEA}.Debug|Any CPU.Build.0 = Debug|Any CPU
		{096C9BBB-BBF4-4E61-A6DC-A1A64A0D1EEA}.Release|Any CPU.ActiveCfg = Release|Any CPU
		{096C9BBB-BBF4-4E61-A6DC-A1A64A0D1EEA}.Release|Any CPU.Build.0 = Release|Any CPU
		{DBFF99ED-E1B0-464F-BAE2-E847B2FA9FF9}.Debug|Any CPU.ActiveCfg = Debug|Any CPU
		{DBFF99ED-E1B0-464F-BAE2-E847B2FA9FF9}.Debug|Any CPU.Build.0 = Debug|Any CPU
		{DBFF99ED-E1B0-464F-BAE2-E847B2FA9FF9}.Release|Any CPU.ActiveCfg = Release|Any CPU
		{DBFF99ED-E1B0-464F-BAE2-E847B2FA9FF9}.Release|Any CPU.Build.0 = Release|Any CPU
		{6AC94FD9-324C-4526-814D-3FFF32FCE26C}.Debug|Any CPU.ActiveCfg = Debug|Any CPU
		{6AC94FD9-324C-4526-814D-3FFF32FCE26C}.Debug|Any CPU.Build.0 = Debug|Any CPU
		{6AC94FD9-324C-4526-814D-3FFF32FCE26C}.Release|Any CPU.ActiveCfg = Release|Any CPU
		{6AC94FD9-324C-4526-814D-3FFF32FCE26C}.Release|Any CPU.Build.0 = Release|Any CPU
	EndGlobalSection
	GlobalSection(SolutionProperties) = preSolution
		HideSolutionNode = FALSE
	EndGlobalSection
	GlobalSection(ExtensibilityGlobals) = postSolution
		SolutionGuid = {BE1F33B4-C5E6-4381-A9A7-B84A46B8D7F7}
	EndGlobalSection
EndGlobal
